
Microsoft Visual Studio Solution File, Format Version 12.00
# Visual Studio Version 16
VisualStudioVersion = 16.0.28803.352
MinimumVisualStudioVersion = 10.0.40219.1
Project("{9A19103F-16F7-4668-BE54-9A1E7A4F7556}") = "Natasha", "src\Natasha\Natasha.csproj", "{D167177F-6761-4B1C-BC07-6D73B918AB99}"
EndProject
Project("{9A19103F-16F7-4668-BE54-9A1E7A4F7556}") = "NatashaUT", "test\NatashaUT\NatashaUT.csproj", "{FF60E6A9-93A4-4ACC-B684-4D025471CB2E}"
EndProject
Project("{2150E333-8FDC-42A3-9474-1A3956D46DE8}") = "Solution Items", "Solution Items", "{13AACED0-099F-423D-AC8A-E3067DD42A55}"
	ProjectSection(SolutionItems) = preProject
		.gitignore = .gitignore
		.travis.yml = .travis.yml
		appveyor.yml = appveyor.yml
		azure-pipelines.yml = azure-pipelines.yml
		Directory.Build.props = Directory.Build.props
		README.md = README.md
	EndProjectSection
EndProject
Project("{2150E333-8FDC-42A3-9474-1A3956D46DE8}") = "src", "src", "{508A2E20-BB12-4610-8CB2-0B07B233DE68}"
EndProject
Project("{2150E333-8FDC-42A3-9474-1A3956D46DE8}") = "samples", "samples", "{B4487ABB-27A2-4353-AB16-1A94B31E0210}"
EndProject
Project("{2150E333-8FDC-42A3-9474-1A3956D46DE8}") = "test", "test", "{1F267883-0864-4C1C-AE20-E2AF5457BA54}"
EndProject
Project("{FAE04EC0-301F-11D3-BF4B-00C04F79EFBC}") = "Core30", "sample\Core30\Core30.csproj", "{E25CE339-BDD5-4736-A473-6B2F41AED9BD}"
EndProject
Project("{FAE04EC0-301F-11D3-BF4B-00C04F79EFBC}") = "Core31", "Core31\Core31.csproj", "{87FEAA40-3B35-4228-ABA1-DC1339413BBE}"
EndProject
Global
	GlobalSection(SolutionConfigurationPlatforms) = preSolution
		Debug|Any CPU = Debug|Any CPU
		Release|Any CPU = Release|Any CPU
	EndGlobalSection
	GlobalSection(ProjectConfigurationPlatforms) = postSolution
		{D167177F-6761-4B1C-BC07-6D73B918AB99}.Debug|Any CPU.ActiveCfg = Debug|Any CPU
		{D167177F-6761-4B1C-BC07-6D73B918AB99}.Debug|Any CPU.Build.0 = Debug|Any CPU
		{D167177F-6761-4B1C-BC07-6D73B918AB99}.Release|Any CPU.ActiveCfg = Release|Any CPU
		{D167177F-6761-4B1C-BC07-6D73B918AB99}.Release|Any CPU.Build.0 = Release|Any CPU
		{FF60E6A9-93A4-4ACC-B684-4D025471CB2E}.Debug|Any CPU.ActiveCfg = Debug|Any CPU
		{FF60E6A9-93A4-4ACC-B684-4D025471CB2E}.Debug|Any CPU.Build.0 = Debug|Any CPU
		{FF60E6A9-93A4-4ACC-B684-4D025471CB2E}.Release|Any CPU.ActiveCfg = Release|Any CPU
		{FF60E6A9-93A4-4ACC-B684-4D025471CB2E}.Release|Any CPU.Build.0 = Release|Any CPU
		{E25CE339-BDD5-4736-A473-6B2F41AED9BD}.Debug|Any CPU.ActiveCfg = Debug|Any CPU
		{E25CE339-BDD5-4736-A473-6B2F41AED9BD}.Debug|Any CPU.Build.0 = Debug|Any CPU
		{E25CE339-BDD5-4736-A473-6B2F41AED9BD}.Release|Any CPU.ActiveCfg = Release|Any CPU
		{E25CE339-BDD5-4736-A473-6B2F41AED9BD}.Release|Any CPU.Build.0 = Release|Any CPU
		{87FEAA40-3B35-4228-ABA1-DC1339413BBE}.Debug|Any CPU.ActiveCfg = Debug|Any CPU
		{87FEAA40-3B35-4228-ABA1-DC1339413BBE}.Debug|Any CPU.Build.0 = Debug|Any CPU
		{87FEAA40-3B35-4228-ABA1-DC1339413BBE}.Release|Any CPU.ActiveCfg = Release|Any CPU
		{87FEAA40-3B35-4228-ABA1-DC1339413BBE}.Release|Any CPU.Build.0 = Release|Any CPU
	EndGlobalSection
	GlobalSection(SolutionProperties) = preSolution
		HideSolutionNode = FALSE
	EndGlobalSection
	GlobalSection(NestedProjects) = preSolution
		{D167177F-6761-4B1C-BC07-6D73B918AB99} = {508A2E20-BB12-4610-8CB2-0B07B233DE68}
		{FF60E6A9-93A4-4ACC-B684-4D025471CB2E} = {1F267883-0864-4C1C-AE20-E2AF5457BA54}
		{E25CE339-BDD5-4736-A473-6B2F41AED9BD} = {B4487ABB-27A2-4353-AB16-1A94B31E0210}
		{87FEAA40-3B35-4228-ABA1-DC1339413BBE} = {B4487ABB-27A2-4353-AB16-1A94B31E0210}
	EndGlobalSection
	GlobalSection(ExtensibilityGlobals) = postSolution
		SolutionGuid = {303F4E05-93E7-40B5-8B6A-FBA8F2E87F6A}
	EndGlobalSection
EndGlobal
